// !$*UTF8*$!
{
	archiveVersion = 1;
	classes = {
	};
	objectVersion = 46;
	objects = {

/* Begin PBXBuildFile section */
		D508A9E019652CED0086620F /* AppDelegate.swift in Sources */ = {isa = PBXBuildFile; fileRef = D508A9DF19652CED0086620F /* AppDelegate.swift */; };
		D508A9E219652CEE0086620F /* Images.xcassets in Resources */ = {isa = PBXBuildFile; fileRef = D508A9E119652CEE0086620F /* Images.xcassets */; };
		D508A9EE19652CEE0086620F /* QttyTests.swift in Sources */ = {isa = PBXBuildFile; fileRef = D508A9ED19652CEE0086620F /* QttyTests.swift */; };
		D508A9F819652D600086620F /* MainScreen.swift in Sources */ = {isa = PBXBuildFile; fileRef = D508A9F719652D600086620F /* MainScreen.swift */; };
		D55144A61966CDDE002D27DB /* NAGShadowedView.swift in Sources */ = {isa = PBXBuildFile; fileRef = D55144A51966CDDE002D27DB /* NAGShadowedView.swift */; };
		D5560E94197D49B300B5265F /* NAGImagePickerController.swift in Sources */ = {isa = PBXBuildFile; fileRef = D5560E93197D49B300B5265F /* NAGImagePickerController.swift */; };
		D55F9403196558D300B9A15A /* authorizationButton@2x.png in Resources */ = {isa = PBXBuildFile; fileRef = D55F9402196558D300B9A15A /* authorizationButton@2x.png */; };
		D57F84721965376200893354 /* backgroundImage@2x.png in Resources */ = {isa = PBXBuildFile; fileRef = D57F84711965376100893354 /* backgroundImage@2x.png */; };
		D57F8474196549D700893354 /* logo@2x.png in Resources */ = {isa = PBXBuildFile; fileRef = D57F8473196549D700893354 /* logo@2x.png */; };
		D59EBBC5197E525000CC16D7 /* NAGGridView.swift in Sources */ = {isa = PBXBuildFile; fileRef = D59EBBC4197E525000CC16D7 /* NAGGridView.swift */; };
		D59EBBD2197FA52000CC16D7 /* grid_icon@2x.png in Resources */ = {isa = PBXBuildFile; fileRef = D59EBBD1197FA52000CC16D7 /* grid_icon@2x.png */; };
		D5AB2D281965A9E900268FAB /* VKAuthorizationViewController.swift in Sources */ = {isa = PBXBuildFile; fileRef = D5AB2D271965A9E900268FAB /* VKAuthorizationViewController.swift */; };
		D5BAC3391977C49D0068A75D /* NAGFirstPhotoOverlayView.swift in Sources */ = {isa = PBXBuildFile; fileRef = D5BAC3381977C49D0068A75D /* NAGFirstPhotoOverlayView.swift */; };
		D5C2C3EF19812C0400EF8945 /* rotate_camera@2x.png in Resources */ = {isa = PBXBuildFile; fileRef = D5C2C3EE19812C0400EF8945 /* rotate_camera@2x.png */; };
		D5FC67AE196F086C00E99C54 /* NSData+toBase64.m in Sources */ = {isa = PBXBuildFile; fileRef = D5FC67AB196F086C00E99C54 /* NSData+toBase64.m */; };
		D5FC67AF196F086C00E99C54 /* NSString+Utilities.m in Sources */ = {isa = PBXBuildFile; fileRef = D5FC67AD196F086C00E99C54 /* NSString+Utilities.m */; };
		D5FC67B3196F090500E99C54 /* VKConnector.m in Sources */ = {isa = PBXBuildFile; fileRef = D5FC67B2196F090500E99C54 /* VKConnector.m */; };
		D5FC67B7196F092E00E99C54 /* VKRequest.m in Sources */ = {isa = PBXBuildFile; fileRef = D5FC67B6196F092E00E99C54 /* VKRequest.m */; };
		D5FC67BA196F095A00E99C54 /* VKAccessToken.m in Sources */ = {isa = PBXBuildFile; fileRef = D5FC67B9196F095A00E99C54 /* VKAccessToken.m */; };
		D5FC67BD196F097700E99C54 /* VKStorage.m in Sources */ = {isa = PBXBuildFile; fileRef = D5FC67BC196F097700E99C54 /* VKStorage.m */; };
		D5FC67C0196F099100E99C54 /* VKStorageItem.m in Sources */ = {isa = PBXBuildFile; fileRef = D5FC67BF196F099100E99C54 /* VKStorageItem.m */; };
		D5FC67C3196F09BA00E99C54 /* VKCache.m in Sources */ = {isa = PBXBuildFile; fileRef = D5FC67C2196F09BA00E99C54 /* VKCache.m */; };
		D5FC67C7196F0A2900E99C54 /* VKUser.m in Sources */ = {isa = PBXBuildFile; fileRef = D5FC67C6196F0A2900E99C54 /* VKUser.m */; };
		D5FC67CA196F0A4400E99C54 /* VKRequestManager.m in Sources */ = {isa = PBXBuildFile; fileRef = D5FC67C9196F0A4400E99C54 /* VKRequestManager.m */; };
/* End PBXBuildFile section */

/* Begin PBXContainerItemProxy section */
		D508A9E819652CEE0086620F /* PBXContainerItemProxy */ = {
			isa = PBXContainerItemProxy;
			containerPortal = D508A9D219652CED0086620F /* Project object */;
			proxyType = 1;
			remoteGlobalIDString = D508A9D919652CED0086620F;
			remoteInfo = Qtty;
		};
/* End PBXContainerItemProxy section */

/* Begin PBXFileReference section */
		D508A9DA19652CED0086620F /* Qtty.app */ = {isa = PBXFileReference; explicitFileType = wrapper.application; includeInIndex = 0; path = Qtty.app; sourceTree = BUILT_PRODUCTS_DIR; };
		D508A9DE19652CED0086620F /* Info.plist */ = {isa = PBXFileReference; lastKnownFileType = text.plist.xml; path = Info.plist; sourceTree = "<group>"; };
		D508A9DF19652CED0086620F /* AppDelegate.swift */ = {isa = PBXFileReference; lastKnownFileType = sourcecode.swift; path = AppDelegate.swift; sourceTree = "<group>"; };
		D508A9E119652CEE0086620F /* Images.xcassets */ = {isa = PBXFileReference; lastKnownFileType = folder.assetcatalog; path = Images.xcassets; sourceTree = "<group>"; };
		D508A9E719652CEE0086620F /* QttyTests.xctest */ = {isa = PBXFileReference; explicitFileType = wrapper.cfbundle; includeInIndex = 0; path = QttyTests.xctest; sourceTree = BUILT_PRODUCTS_DIR; };
		D508A9EC19652CEE0086620F /* Info.plist */ = {isa = PBXFileReference; lastKnownFileType = text.plist.xml; path = Info.plist; sourceTree = "<group>"; };
		D508A9ED19652CEE0086620F /* QttyTests.swift */ = {isa = PBXFileReference; lastKnownFileType = sourcecode.swift; path = QttyTests.swift; sourceTree = "<group>"; };
		D508A9F719652D600086620F /* MainScreen.swift */ = {isa = PBXFileReference; fileEncoding = 4; lastKnownFileType = sourcecode.swift; path = MainScreen.swift; sourceTree = "<group>"; };
		D55144A51966CDDE002D27DB /* NAGShadowedView.swift */ = {isa = PBXFileReference; fileEncoding = 4; lastKnownFileType = sourcecode.swift; path = NAGShadowedView.swift; sourceTree = "<group>"; };
		D5560E93197D49B300B5265F /* NAGImagePickerController.swift */ = {isa = PBXFileReference; fileEncoding = 4; lastKnownFileType = sourcecode.swift; path = NAGImagePickerController.swift; sourceTree = "<group>"; };
		D55F9402196558D300B9A15A /* authorizationButton@2x.png */ = {isa = PBXFileReference; lastKnownFileType = image.png; path = "authorizationButton@2x.png"; sourceTree = "<group>"; };
		D57F84711965376100893354 /* backgroundImage@2x.png */ = {isa = PBXFileReference; lastKnownFileType = image.png; path = "backgroundImage@2x.png"; sourceTree = "<group>"; };
		D57F8473196549D700893354 /* logo@2x.png */ = {isa = PBXFileReference; lastKnownFileType = image.png; path = "logo@2x.png"; sourceTree = "<group>"; };
		D59EBBC4197E525000CC16D7 /* NAGGridView.swift */ = {isa = PBXFileReference; fileEncoding = 4; lastKnownFileType = sourcecode.swift; path = NAGGridView.swift; sourceTree = "<group>"; };
		D59EBBD1197FA52000CC16D7 /* grid_icon@2x.png */ = {isa = PBXFileReference; lastKnownFileType = image.png; path = "grid_icon@2x.png"; sourceTree = "<group>"; };
		D5AB2D271965A9E900268FAB /* VKAuthorizationViewController.swift */ = {isa = PBXFileReference; fileEncoding = 4; lastKnownFileType = sourcecode.swift; path = VKAuthorizationViewController.swift; sourceTree = "<group>"; };
		D5BAC3381977C49D0068A75D /* NAGFirstPhotoOverlayView.swift */ = {isa = PBXFileReference; fileEncoding = 4; lastKnownFileType = sourcecode.swift; path = NAGFirstPhotoOverlayView.swift; sourceTree = "<group>"; };
		D5C2C3EE19812C0400EF8945 /* rotate_camera@2x.png */ = {isa = PBXFileReference; lastKnownFileType = image.png; path = "rotate_camera@2x.png"; sourceTree = "<group>"; };
		D5FC66F5196F05A700E99C54 /* Qtty-Bridging-Header.h */ = {isa = PBXFileReference; lastKnownFileType = sourcecode.c.h; path = "Qtty-Bridging-Header.h"; sourceTree = "<group>"; };
		D5FC67AA196F086C00E99C54 /* NSData+toBase64.h */ = {isa = PBXFileReference; fileEncoding = 4; lastKnownFileType = sourcecode.c.h; path = "NSData+toBase64.h"; sourceTree = "<group>"; };
		D5FC67AB196F086C00E99C54 /* NSData+toBase64.m */ = {isa = PBXFileReference; fileEncoding = 4; lastKnownFileType = sourcecode.c.objc; path = "NSData+toBase64.m"; sourceTree = "<group>"; };
		D5FC67AC196F086C00E99C54 /* NSString+Utilities.h */ = {isa = PBXFileReference; fileEncoding = 4; lastKnownFileType = sourcecode.c.h; path = "NSString+Utilities.h"; sourceTree = "<group>"; };
		D5FC67AD196F086C00E99C54 /* NSString+Utilities.m */ = {isa = PBXFileReference; fileEncoding = 4; lastKnownFileType = sourcecode.c.objc; path = "NSString+Utilities.m"; sourceTree = "<group>"; };
		D5FC67B1196F090500E99C54 /* VKConnector.h */ = {isa = PBXFileReference; fileEncoding = 4; lastKnownFileType = sourcecode.c.h; path = VKConnector.h; sourceTree = "<group>"; };
		D5FC67B2196F090500E99C54 /* VKConnector.m */ = {isa = PBXFileReference; fileEncoding = 4; lastKnownFileType = sourcecode.c.objc; path = VKConnector.m; sourceTree = "<group>"; };
		D5FC67B4196F092E00E99C54 /* VKMethods.h */ = {isa = PBXFileReference; fileEncoding = 4; lastKnownFileType = sourcecode.c.h; path = VKMethods.h; sourceTree = "<group>"; };
		D5FC67B5196F092E00E99C54 /* VKRequest.h */ = {isa = PBXFileReference; fileEncoding = 4; lastKnownFileType = sourcecode.c.h; path = VKRequest.h; sourceTree = "<group>"; };
		D5FC67B6196F092E00E99C54 /* VKRequest.m */ = {isa = PBXFileReference; fileEncoding = 4; lastKnownFileType = sourcecode.c.objc; path = VKRequest.m; sourceTree = "<group>"; };
		D5FC67B8196F095A00E99C54 /* VKAccessToken.h */ = {isa = PBXFileReference; fileEncoding = 4; lastKnownFileType = sourcecode.c.h; path = VKAccessToken.h; sourceTree = "<group>"; };
		D5FC67B9196F095A00E99C54 /* VKAccessToken.m */ = {isa = PBXFileReference; fileEncoding = 4; lastKnownFileType = sourcecode.c.objc; path = VKAccessToken.m; sourceTree = "<group>"; };
		D5FC67BB196F097700E99C54 /* VKStorage.h */ = {isa = PBXFileReference; fileEncoding = 4; lastKnownFileType = sourcecode.c.h; path = VKStorage.h; sourceTree = "<group>"; };
		D5FC67BC196F097700E99C54 /* VKStorage.m */ = {isa = PBXFileReference; fileEncoding = 4; lastKnownFileType = sourcecode.c.objc; path = VKStorage.m; sourceTree = "<group>"; };
		D5FC67BE196F099100E99C54 /* VKStorageItem.h */ = {isa = PBXFileReference; fileEncoding = 4; lastKnownFileType = sourcecode.c.h; path = VKStorageItem.h; sourceTree = "<group>"; };
		D5FC67BF196F099100E99C54 /* VKStorageItem.m */ = {isa = PBXFileReference; fileEncoding = 4; lastKnownFileType = sourcecode.c.objc; path = VKStorageItem.m; sourceTree = "<group>"; };
		D5FC67C1196F09BA00E99C54 /* VKCache.h */ = {isa = PBXFileReference; fileEncoding = 4; lastKnownFileType = sourcecode.c.h; path = VKCache.h; sourceTree = "<group>"; };
		D5FC67C2196F09BA00E99C54 /* VKCache.m */ = {isa = PBXFileReference; fileEncoding = 4; lastKnownFileType = sourcecode.c.objc; path = VKCache.m; sourceTree = "<group>"; };
		D5FC67C4196F09EC00E99C54 /* VkontakteSDK_Logger.h */ = {isa = PBXFileReference; fileEncoding = 4; lastKnownFileType = sourcecode.c.h; path = VkontakteSDK_Logger.h; sourceTree = "<group>"; };
		D5FC67C5196F0A2900E99C54 /* VKUser.h */ = {isa = PBXFileReference; fileEncoding = 4; lastKnownFileType = sourcecode.c.h; path = VKUser.h; sourceTree = "<group>"; };
		D5FC67C6196F0A2900E99C54 /* VKUser.m */ = {isa = PBXFileReference; fileEncoding = 4; lastKnownFileType = sourcecode.c.objc; path = VKUser.m; sourceTree = "<group>"; };
		D5FC67C8196F0A4400E99C54 /* VKRequestManager.h */ = {isa = PBXFileReference; fileEncoding = 4; lastKnownFileType = sourcecode.c.h; path = VKRequestManager.h; sourceTree = "<group>"; };
		D5FC67C9196F0A4400E99C54 /* VKRequestManager.m */ = {isa = PBXFileReference; fileEncoding = 4; lastKnownFileType = sourcecode.c.objc; path = VKRequestManager.m; sourceTree = "<group>"; };
		D5FC67CB196F0F4000E99C54 /* VKConnectorDelegate.h */ = {isa = PBXFileReference; fileEncoding = 4; lastKnownFileType = sourcecode.c.h; path = VKConnectorDelegate.h; sourceTree = "<group>"; };
/* End PBXFileReference section */

/* Begin PBXFrameworksBuildPhase section */
		D508A9D719652CED0086620F /* Frameworks */ = {
			isa = PBXFrameworksBuildPhase;
			buildActionMask = 2147483647;
			files = (
			);
			runOnlyForDeploymentPostprocessing = 0;
		};
		D508A9E419652CEE0086620F /* Frameworks */ = {
			isa = PBXFrameworksBuildPhase;
			buildActionMask = 2147483647;
			files = (
			);
			runOnlyForDeploymentPostprocessing = 0;
		};
/* End PBXFrameworksBuildPhase section */

/* Begin PBXGroup section */
		D508A9D119652CED0086620F = {
			isa = PBXGroup;
			children = (
				D508A9DC19652CED0086620F /* Qtty */,
				D508A9EA19652CEE0086620F /* QttyTests */,
				D508A9DB19652CED0086620F /* Products */,
			);
			sourceTree = "<group>";
		};
		D508A9DB19652CED0086620F /* Products */ = {
			isa = PBXGroup;
			children = (
				D508A9DA19652CED0086620F /* Qtty.app */,
				D508A9E719652CEE0086620F /* QttyTests.xctest */,
			);
			name = Products;
			sourceTree = "<group>";
		};
		D508A9DC19652CED0086620F /* Qtty */ = {
			isa = PBXGroup;
			children = (
				D5FC66F5196F05A700E99C54 /* Qtty-Bridging-Header.h */,
				D5FC67B0196F08A800E99C54 /* Controllers */,
				D562761819669E0E009B8A17 /* Classes */,
				D57F84701965374700893354 /* Resources */,
				D508A9DF19652CED0086620F /* AppDelegate.swift */,
				D508A9E119652CEE0086620F /* Images.xcassets */,
				D508A9DD19652CED0086620F /* Supporting Files */,
			);
			path = Qtty;
			sourceTree = "<group>";
		};
		D508A9DD19652CED0086620F /* Supporting Files */ = {
			isa = PBXGroup;
			children = (
				D508A9DE19652CED0086620F /* Info.plist */,
			);
			name = "Supporting Files";
			sourceTree = "<group>";
		};
		D508A9EA19652CEE0086620F /* QttyTests */ = {
			isa = PBXGroup;
			children = (
				D508A9ED19652CEE0086620F /* QttyTests.swift */,
				D508A9EB19652CEE0086620F /* Supporting Files */,
			);
			path = QttyTests;
			sourceTree = "<group>";
		};
		D508A9EB19652CEE0086620F /* Supporting Files */ = {
			isa = PBXGroup;
			children = (
				D508A9EC19652CEE0086620F /* Info.plist */,
			);
			name = "Supporting Files";
			sourceTree = "<group>";
		};
		D562761819669E0E009B8A17 /* Classes */ = {
			isa = PBXGroup;
			children = (
				D59EBBC6197E9DC600CC16D7 /* OverlayViews */,
				D5FC67A9196F083100E99C54 /* VkontakteSDK */,
				D55144A51966CDDE002D27DB /* NAGShadowedView.swift */,
				D5560E93197D49B300B5265F /* NAGImagePickerController.swift */,
			);
			name = Classes;
			sourceTree = "<group>";
		};
		D57F84701965374700893354 /* Resources */ = {
			isa = PBXGroup;
			children = (
				D5C2C3EE19812C0400EF8945 /* rotate_camera@2x.png */,
				D59EBBD1197FA52000CC16D7 /* grid_icon@2x.png */,
				D55F9402196558D300B9A15A /* authorizationButton@2x.png */,
				D57F8473196549D700893354 /* logo@2x.png */,
				D57F84711965376100893354 /* backgroundImage@2x.png */,
			);
			name = Resources;
			sourceTree = "<group>";
		};
		D59EBBC6197E9DC600CC16D7 /* OverlayViews */ = {
			isa = PBXGroup;
			children = (
				D59EBBC4197E525000CC16D7 /* NAGGridView.swift */,
				D5BAC3381977C49D0068A75D /* NAGFirstPhotoOverlayView.swift */,
			);
			name = OverlayViews;
			sourceTree = "<group>";
		};
		D5FC67A9196F083100E99C54 /* VkontakteSDK */ = {
			isa = PBXGroup;
			children = (
				D5FC67C8196F0A4400E99C54 /* VKRequestManager.h */,
				D5FC67C9196F0A4400E99C54 /* VKRequestManager.m */,
				D5FC67C5196F0A2900E99C54 /* VKUser.h */,
				D5FC67C6196F0A2900E99C54 /* VKUser.m */,
				D5FC67C4196F09EC00E99C54 /* VkontakteSDK_Logger.h */,
				D5FC67C1196F09BA00E99C54 /* VKCache.h */,
				D5FC67C2196F09BA00E99C54 /* VKCache.m */,
				D5FC67BE196F099100E99C54 /* VKStorageItem.h */,
				D5FC67BF196F099100E99C54 /* VKStorageItem.m */,
				D5FC67BB196F097700E99C54 /* VKStorage.h */,
				D5FC67BC196F097700E99C54 /* VKStorage.m */,
				D5FC67B8196F095A00E99C54 /* VKAccessToken.h */,
				D5FC67B9196F095A00E99C54 /* VKAccessToken.m */,
				D5FC67B4196F092E00E99C54 /* VKMethods.h */,
				D5FC67B5196F092E00E99C54 /* VKRequest.h */,
				D5FC67B6196F092E00E99C54 /* VKRequest.m */,
				D5FC67B1196F090500E99C54 /* VKConnector.h */,
				D5FC67B2196F090500E99C54 /* VKConnector.m */,
				D5FC67AA196F086C00E99C54 /* NSData+toBase64.h */,
				D5FC67AB196F086C00E99C54 /* NSData+toBase64.m */,
				D5FC67AC196F086C00E99C54 /* NSString+Utilities.h */,
				D5FC67AD196F086C00E99C54 /* NSString+Utilities.m */,
				D5FC67CB196F0F4000E99C54 /* VKConnectorDelegate.h */,
			);
			name = VkontakteSDK;
			sourceTree = "<group>";
		};
		D5FC67B0196F08A800E99C54 /* Controllers */ = {
			isa = PBXGroup;
			children = (
				D508A9F719652D600086620F /* MainScreen.swift */,
				D5AB2D271965A9E900268FAB /* VKAuthorizationViewController.swift */,
			);
			name = Controllers;
			sourceTree = "<group>";
		};
/* End PBXGroup section */

/* Begin PBXNativeTarget section */
		D508A9D919652CED0086620F /* Qtty */ = {
			isa = PBXNativeTarget;
			buildConfigurationList = D508A9F119652CEE0086620F /* Build configuration list for PBXNativeTarget "Qtty" */;
			buildPhases = (
				D508A9D619652CED0086620F /* Sources */,
				D508A9D719652CED0086620F /* Frameworks */,
				D508A9D819652CED0086620F /* Resources */,
			);
			buildRules = (
			);
			dependencies = (
			);
			name = Qtty;
			productName = Qtty;
			productReference = D508A9DA19652CED0086620F /* Qtty.app */;
			productType = "com.apple.product-type.application";
		};
		D508A9E619652CEE0086620F /* QttyTests */ = {
			isa = PBXNativeTarget;
			buildConfigurationList = D508A9F419652CEE0086620F /* Build configuration list for PBXNativeTarget "QttyTests" */;
			buildPhases = (
				D508A9E319652CEE0086620F /* Sources */,
				D508A9E419652CEE0086620F /* Frameworks */,
				D508A9E519652CEE0086620F /* Resources */,
			);
			buildRules = (
			);
			dependencies = (
				D508A9E919652CEE0086620F /* PBXTargetDependency */,
			);
			name = QttyTests;
			productName = QttyTests;
			productReference = D508A9E719652CEE0086620F /* QttyTests.xctest */;
			productType = "com.apple.product-type.bundle.unit-test";
		};
/* End PBXNativeTarget section */

/* Begin PBXProject section */
		D508A9D219652CED0086620F /* Project object */ = {
			isa = PBXProject;
			attributes = {
				LastUpgradeCheck = 0600;
				ORGANIZATIONNAME = "Non Atomic Games Inc.";
				TargetAttributes = {
					D508A9D919652CED0086620F = {
						CreatedOnToolsVersion = 6.0;
						DevelopmentTeam = 2N548588CC;
					};
					D508A9E619652CEE0086620F = {
						CreatedOnToolsVersion = 6.0;
						TestTargetID = D508A9D919652CED0086620F;
					};
				};
			};
			buildConfigurationList = D508A9D519652CED0086620F /* Build configuration list for PBXProject "Qtty" */;
			compatibilityVersion = "Xcode 3.2";
			developmentRegion = English;
			hasScannedForEncodings = 0;
			knownRegions = (
				en,
			);
			mainGroup = D508A9D119652CED0086620F;
			productRefGroup = D508A9DB19652CED0086620F /* Products */;
			projectDirPath = "";
			projectRoot = "";
			targets = (
				D508A9D919652CED0086620F /* Qtty */,
				D508A9E619652CEE0086620F /* QttyTests */,
			);
		};
/* End PBXProject section */

/* Begin PBXResourcesBuildPhase section */
		D508A9D819652CED0086620F /* Resources */ = {
			isa = PBXResourcesBuildPhase;
			buildActionMask = 2147483647;
			files = (
				D508A9E219652CEE0086620F /* Images.xcassets in Resources */,
				D5C2C3EF19812C0400EF8945 /* rotate_camera@2x.png in Resources */,
				D57F8474196549D700893354 /* logo@2x.png in Resources */,
				D59EBBD2197FA52000CC16D7 /* grid_icon@2x.png in Resources */,
				D57F84721965376200893354 /* backgroundImage@2x.png in Resources */,
				D55F9403196558D300B9A15A /* authorizationButton@2x.png in Resources */,
			);
			runOnlyForDeploymentPostprocessing = 0;
		};
		D508A9E519652CEE0086620F /* Resources */ = {
			isa = PBXResourcesBuildPhase;
			buildActionMask = 2147483647;
			files = (
			);
			runOnlyForDeploymentPostprocessing = 0;
		};
/* End PBXResourcesBuildPhase section */

/* Begin PBXSourcesBuildPhase section */
		D508A9D619652CED0086620F /* Sources */ = {
			isa = PBXSourcesBuildPhase;
			buildActionMask = 2147483647;
			files = (
				D5FC67B7196F092E00E99C54 /* VKRequest.m in Sources */,
				D55144A61966CDDE002D27DB /* NAGShadowedView.swift in Sources */,
				D5FC67C0196F099100E99C54 /* VKStorageItem.m in Sources */,
				D5BAC3391977C49D0068A75D /* NAGFirstPhotoOverlayView.swift in Sources */,
				D5560E94197D49B300B5265F /* NAGImagePickerController.swift in Sources */,
				D5FC67C7196F0A2900E99C54 /* VKUser.m in Sources */,
				D5FC67CA196F0A4400E99C54 /* VKRequestManager.m in Sources */,
				D59EBBC5197E525000CC16D7 /* NAGGridView.swift in Sources */,
				D5FC67AE196F086C00E99C54 /* NSData+toBase64.m in Sources */,
				D5FC67BA196F095A00E99C54 /* VKAccessToken.m in Sources */,
				D5FC67AF196F086C00E99C54 /* NSString+Utilities.m in Sources */,
				D508A9F819652D600086620F /* MainScreen.swift in Sources */,
				D5FC67BD196F097700E99C54 /* VKStorage.m in Sources */,
				D5FC67B3196F090500E99C54 /* VKConnector.m in Sources */,
				D5FC67C3196F09BA00E99C54 /* VKCache.m in Sources */,
				D508A9E019652CED0086620F /* AppDelegate.swift in Sources */,
				D5AB2D281965A9E900268FAB /* VKAuthorizationViewController.swift in Sources */,
			);
			runOnlyForDeploymentPostprocessing = 0;
		};
		D508A9E319652CEE0086620F /* Sources */ = {
			isa = PBXSourcesBuildPhase;
			buildActionMask = 2147483647;
			files = (
				D508A9EE19652CEE0086620F /* QttyTests.swift in Sources */,
			);
			runOnlyForDeploymentPostprocessing = 0;
		};
/* End PBXSourcesBuildPhase section */

/* Begin PBXTargetDependency section */
		D508A9E919652CEE0086620F /* PBXTargetDependency */ = {
			isa = PBXTargetDependency;
			target = D508A9D919652CED0086620F /* Qtty */;
			targetProxy = D508A9E819652CEE0086620F /* PBXContainerItemProxy */;
		};
/* End PBXTargetDependency section */

/* Begin XCBuildConfiguration section */
		D508A9EF19652CEE0086620F /* Debug */ = {
			isa = XCBuildConfiguration;
			buildSettings = {
				ALWAYS_SEARCH_USER_PATHS = NO;
				CLANG_CXX_LANGUAGE_STANDARD = "gnu++0x";
				CLANG_CXX_LIBRARY = "libc++";
				CLANG_ENABLE_MODULES = YES;
				CLANG_ENABLE_OBJC_ARC = YES;
				CLANG_WARN_BOOL_CONVERSION = YES;
				CLANG_WARN_CONSTANT_CONVERSION = YES;
				CLANG_WARN_DIRECT_OBJC_ISA_USAGE = YES_ERROR;
				CLANG_WARN_EMPTY_BODY = YES;
				CLANG_WARN_ENUM_CONVERSION = YES;
				CLANG_WARN_INT_CONVERSION = YES;
				CLANG_WARN_OBJC_ROOT_CLASS = YES_ERROR;
				CLANG_WARN_UNREACHABLE_CODE = YES;
				CLANG_WARN__DUPLICATE_METHOD_MATCH = YES;
				"CODE_SIGN_IDENTITY[sdk=iphoneos*]" = "iPhone Developer";
				COPY_PHASE_STRIP = NO;
				ENABLE_STRICT_OBJC_MSGSEND = YES;
				GCC_C_LANGUAGE_STANDARD = gnu99;
				GCC_DYNAMIC_NO_PIC = NO;
				GCC_OPTIMIZATION_LEVEL = 0;
				GCC_PREPROCESSOR_DEFINITIONS = (
					"DEBUG=1",
					"$(inherited)",
				);
				GCC_SYMBOLS_PRIVATE_EXTERN = NO;
				GCC_WARN_64_TO_32_BIT_CONVERSION = YES;
				GCC_WARN_ABOUT_RETURN_TYPE = YES_ERROR;
				GCC_WARN_UNDECLARED_SELECTOR = YES;
				GCC_WARN_UNINITIALIZED_AUTOS = YES_AGGRESSIVE;
				GCC_WARN_UNUSED_FUNCTION = YES;
				GCC_WARN_UNUSED_VARIABLE = YES;
				IPHONEOS_DEPLOYMENT_TARGET = 8.0;
				METAL_ENABLE_DEBUG_INFO = YES;
				ONLY_ACTIVE_ARCH = YES;
				SDKROOT = iphoneos;
				SWIFT_OPTIMIZATION_LEVEL = "-Onone";
			};
			name = Debug;
		};
		D508A9F019652CEE0086620F /* Release */ = {
			isa = XCBuildConfiguration;
			buildSettings = {
				ALWAYS_SEARCH_USER_PATHS = NO;
				CLANG_CXX_LANGUAGE_STANDARD = "gnu++0x";
				CLANG_CXX_LIBRARY = "libc++";
				CLANG_ENABLE_MODULES = YES;
				CLANG_ENABLE_OBJC_ARC = YES;
				CLANG_WARN_BOOL_CONVERSION = YES;
				CLANG_WARN_CONSTANT_CONVERSION = YES;
				CLANG_WARN_DIRECT_OBJC_ISA_USAGE = YES_ERROR;
				CLANG_WARN_EMPTY_BODY = YES;
				CLANG_WARN_ENUM_CONVERSION = YES;
				CLANG_WARN_INT_CONVERSION = YES;
				CLANG_WARN_OBJC_ROOT_CLASS = YES_ERROR;
				CLANG_WARN_UNREACHABLE_CODE = YES;
				CLANG_WARN__DUPLICATE_METHOD_MATCH = YES;
				"CODE_SIGN_IDENTITY[sdk=iphoneos*]" = "iPhone Developer";
				COPY_PHASE_STRIP = YES;
				ENABLE_NS_ASSERTIONS = NO;
				ENABLE_STRICT_OBJC_MSGSEND = YES;
				GCC_C_LANGUAGE_STANDARD = gnu99;
				GCC_WARN_64_TO_32_BIT_CONVERSION = YES;
				GCC_WARN_ABOUT_RETURN_TYPE = YES_ERROR;
				GCC_WARN_UNDECLARED_SELECTOR = YES;
				GCC_WARN_UNINITIALIZED_AUTOS = YES_AGGRESSIVE;
				GCC_WARN_UNUSED_FUNCTION = YES;
				GCC_WARN_UNUSED_VARIABLE = YES;
				IPHONEOS_DEPLOYMENT_TARGET = 8.0;
				METAL_ENABLE_DEBUG_INFO = NO;
				SDKROOT = iphoneos;
				VALIDATE_PRODUCT = YES;
			};
			name = Release;
		};
		D508A9F219652CEE0086620F /* Debug */ = {
			isa = XCBuildConfiguration;
			buildSettings = {
				ASSETCATALOG_COMPILER_APPICON_NAME = AppIcon;
				ASSETCATALOG_COMPILER_LAUNCHIMAGE_NAME = LaunchImage;
				CLANG_ENABLE_MODULES = YES;
				INFOPLIST_FILE = Qtty/Info.plist;
				IPHONEOS_DEPLOYMENT_TARGET = 8.0;
				LD_RUNPATH_SEARCH_PATHS = "$(inherited) @executable_path/Frameworks";
				PRODUCT_NAME = "$(TARGET_NAME)";
				SWIFT_OBJC_BRIDGING_HEADER = "Qtty/Qtty-Bridging-Header.h";
				SWIFT_OPTIMIZATION_LEVEL = "-Onone";
				USER_HEADER_SEARCH_PATHS = "";
			};
			name = Debug;
		};
		D508A9F319652CEE0086620F /* Release */ = {
			isa = XCBuildConfiguration;
			buildSettings = {
				ASSETCATALOG_COMPILER_APPICON_NAME = AppIcon;
				ASSETCATALOG_COMPILER_LAUNCHIMAGE_NAME = LaunchImage;
				CLANG_ENABLE_MODULES = YES;
				INFOPLIST_FILE = Qtty/Info.plist;
				IPHONEOS_DEPLOYMENT_TARGET = 8.0;
				LD_RUNPATH_SEARCH_PATHS = "$(inherited) @executable_path/Frameworks";
				PRODUCT_NAME = "$(TARGET_NAME)";
				SWIFT_OBJC_BRIDGING_HEADER = "Qtty/Qtty-Bridging-Header.h";
				USER_HEADER_SEARCH_PATHS = "";
			};
			name = Release;
		};
		D508A9F519652CEE0086620F /* Debug */ = {
			isa = XCBuildConfiguration;
			buildSettings = {
				BUNDLE_LOADER = "$(BUILT_PRODUCTS_DIR)/Qtty.app/Qtty";
				FRAMEWORK_SEARCH_PATHS = (
					"$(SDKROOT)/Developer/Library/Frameworks",
					"$(inherited)",
				);
				GCC_PREPROCESSOR_DEFINITIONS = (
					"DEBUG=1",
					"$(inherited)",
				);
				INFOPLIST_FILE = QttyTests/Info.plist;
				LD_RUNPATH_SEARCH_PATHS = "$(inherited) @executable_path/Frameworks @loader_path/Frameworks";
				METAL_ENABLE_DEBUG_INFO = YES;
				PRODUCT_NAME = "$(TARGET_NAME)";
				TEST_HOST = "$(BUNDLE_LOADER)";
			};
			name = Debug;
		};
		D508A9F619652CEE0086620F /* Release */ = {
			isa = XCBuildConfiguration;
			buildSettings = {
				BUNDLE_LOADER = "$(BUILT_PRODUCTS_DIR)/Qtty.app/Qtty";
				FRAMEWORK_SEARCH_PATHS = (
					"$(SDKROOT)/Developer/Library/Frameworks",
					"$(inherited)",
				);
				INFOPLIST_FILE = QttyTests/Info.plist;
				LD_RUNPATH_SEARCH_PATHS = "$(inherited) @executable_path/Frameworks @loader_path/Frameworks";
				METAL_ENABLE_DEBUG_INFO = NO;
				PRODUCT_NAME = "$(TARGET_NAME)";
				TEST_HOST = "$(BUNDLE_LOADER)";
			};
			name = Release;
		};
/* End XCBuildConfiguration section */

/* Begin XCConfigurationList section */
		D508A9D519652CED0086620F /* Build configuration list for PBXProject "Qtty" */ = {
			isa = XCConfigurationList;
			buildConfigurations = (
				D508A9EF19652CEE0086620F /* Debug */,
				D508A9F019652CEE0086620F /* Release */,
			);
			defaultConfigurationIsVisible = 0;
			defaultConfigurationName = Release;
		};
		D508A9F119652CEE0086620F /* Build configuration list for PBXNativeTarget "Qtty" */ = {
			isa = XCConfigurationList;
			buildConfigurations = (
				D508A9F219652CEE0086620F /* Debug */,
				D508A9F319652CEE0086620F /* Release */,
			);
			defaultConfigurationIsVisible = 0;
			defaultConfigurationName = Release;
		};
		D508A9F419652CEE0086620F /* Build configuration list for PBXNativeTarget "QttyTests" */ = {
			isa = XCConfigurationList;
			buildConfigurations = (
				D508A9F519652CEE0086620F /* Debug */,
				D508A9F619652CEE0086620F /* Release */,
			);
			defaultConfigurationIsVisible = 0;
			defaultConfigurationName = Release;
		};
/* End XCConfigurationList section */
	};
	rootObject = D508A9D219652CED0086620F /* Project object */;
}
